
Microsoft Visual Studio Solution File, Format Version 12.00
# Visual Studio Version 17
VisualStudioVersion = 17.10.35013.160
MinimumVisualStudioVersion = 10.0.40219.1
Project("{FAE04EC0-301F-11D3-BF4B-00C04F79EFBC}") = "Poc_on_Cookie", "Poc_on_Cookie\Poc_on_Cookie.csproj", "{51EAC56B-C51C-4414-92C5-D7531772E590}"
EndProject
Global
	GlobalSection(SolutionConfigurationPlatforms) = preSolution
		Debug|Any CPU = Debug|Any CPU
		Release|Any CPU = Release|Any CPU
	EndGlobalSection
	GlobalSection(ProjectConfigurationPlatforms) = postSolution
		{51EAC56B-C51C-4414-92C5-D7531772E590}.Debug|Any CPU.ActiveCfg = Debug|Any CPU
		{51EAC56B-C51C-4414-92C5-D7531772E590}.Debug|Any CPU.Build.0 = Debug|Any CPU
		{51EAC56B-C51C-4414-92C5-D7531772E590}.Release|Any CPU.ActiveCfg = Release|Any CPU
		{51EAC56B-C51C-4414-92C5-D7531772E590}.Release|Any CPU.Build.0 = Release|Any CPU
	EndGlobalSection
	GlobalSection(SolutionProperties) = preSolution
		HideSolutionNode = FALSE
	EndGlobalSection
	GlobalSection(ExtensibilityGlobals) = postSolution
		SolutionGuid = {88F94640-63FE-4E5C-B93F-BE4FFBA2A5FF}
	EndGlobalSection
EndGlobal
